
Microsoft Visual Studio Solution File, Format Version 12.00
# Visual Studio 14
VisualStudioVersion = 14.0.25123.0
MinimumVisualStudioVersion = 10.0.40219.1
Project("{FAE04EC0-301F-11D3-BF4B-00C04F79EFBC}") = "MovieRentals", "MovieRentals\MovieRentals.csproj", "{EC85AF3B-DBFB-4A40-9641-3E05C89D6545}"
EndProject
Project("{FAE04EC0-301F-11D3-BF4B-00C04F79EFBC}") = "MovieRentals.Tests", "MovieRentals.Tests\MovieRentals.Tests.csproj", "{EA5A2BCF-263F-469F-8D4E-DF1740ECAF1E}"
EndProject
Global
	GlobalSection(SolutionConfigurationPlatforms) = preSolution
		Debug|Any CPU = Debug|Any CPU
		Release|Any CPU = Release|Any CPU
	EndGlobalSection
	GlobalSection(ProjectConfigurationPlatforms) = postSolution
		{EC85AF3B-DBFB-4A40-9641-3E05C89D6545}.Debug|Any CPU.ActiveCfg = Debug|Any CPU
		{EC85AF3B-DBFB-4A40-9641-3E05C89D6545}.Debug|Any CPU.Build.0 = Debug|Any CPU
		{EC85AF3B-DBFB-4A40-9641-3E05C89D6545}.Release|Any CPU.ActiveCfg = Release|Any CPU
		{EC85AF3B-DBFB-4A40-9641-3E05C89D6545}.Release|Any CPU.Build.0 = Release|Any CPU
		{EA5A2BCF-263F-469F-8D4E-DF1740ECAF1E}.Debug|Any CPU.ActiveCfg = Debug|Any CPU
		{EA5A2BCF-263F-469F-8D4E-DF1740ECAF1E}.Debug|Any CPU.Build.0 = Debug|Any CPU
		{EA5A2BCF-263F-469F-8D4E-DF1740ECAF1E}.Release|Any CPU.ActiveCfg = Release|Any CPU
		{EA5A2BCF-263F-469F-8D4E-DF1740ECAF1E}.Release|Any CPU.Build.0 = Release|Any CPU
	EndGlobalSection
	GlobalSection(SolutionProperties) = preSolution
		HideSolutionNode = FALSE
	EndGlobalSection
EndGlobal
